
Microsoft Visual Studio Solution File, Format Version 12.00
# Visual Studio Version 17
VisualStudioVersion = 17.1.32414.318
MinimumVisualStudioVersion = 10.0.40219.1
Project("{FAE04EC0-301F-11D3-BF4B-00C04F79EFBC}") = "Allinone", "Allinone\Allinone.csproj", "{067CAC24-7957-41C7-AF6E-1742C8667390}"
EndProject
Project("{2150E333-8FDC-42A3-9474-1A3956D46DE8}") = "Utility", "Utility", "{50577891-4DAD-4650-8FE7-1E0B1990D5AB}"
EndProject
Project("{FAE04EC0-301F-11D3-BF4B-00C04F79EFBC}") = "JetEazy", "JetEazy\JetEazy.csproj", "{F7A257D9-91EE-4DC2-8569-01B69CFD28D3}"
EndProject
Project("{FAE04EC0-301F-11D3-BF4B-00C04F79EFBC}") = "JzDisplay", "JzDisplay\JzDisplay.csproj", "{CFB82D4A-7F2E-40F6-AB40-34C043FBA2C9}"
EndProject
Project("{FAE04EC0-301F-11D3-BF4B-00C04F79EFBC}") = "JzMSR", "JzMeasure\JzMSR.csproj", "{64FC6AD5-0655-455C-A003-1BEA1B3702AE}"
EndProject
Project("{FAE04EC0-301F-11D3-BF4B-00C04F79EFBC}") = "JzASN", "JzASN\JzASN.csproj", "{626D6342-D64E-425C-8372-0EC5DA157479}"
EndProject
Project("{FAE04EC0-301F-11D3-BF4B-00C04F79EFBC}") = "JzOCR", "JzOCR\JzOCR.csproj", "{3E35849D-0307-48CA-9711-A07427B8FF89}"
EndProject
Project("{FAE04EC0-301F-11D3-BF4B-00C04F79EFBC}") = "JzKHC", "JzKHC\JzKHC.csproj", "{CC12C326-CF74-43A1-AF91-9AB5FBE845E5}"
EndProject
Project("{FAE04EC0-301F-11D3-BF4B-00C04F79EFBC}") = "MotoRs485", "MotoRs485\MotoRs485\MotoRs485.csproj", "{37DCE54A-EF0C-4D32-97E3-DDABE0DA48F0}"
EndProject
Project("{FAE04EC0-301F-11D3-BF4B-00C04F79EFBC}") = "AJZReportViewer", "AJZReportViewer\AJZReportViewer.csproj", "{521E8AF0-DA90-4596-99E9-AFC542A76796}"
EndProject
Project("{FAE04EC0-301F-11D3-BF4B-00C04F79EFBC}") = "ServiceMessageClass", "ServiceMessageClass\ServiceMessageClass.csproj", "{6E955BFA-8BB1-40F5-9601-387652A3D339}"
EndProject
Project("{FAE04EC0-301F-11D3-BF4B-00C04F79EFBC}") = "JetEazy.OpenCv4", "JetEazy.OpenCv4\JetEazy.OpenCv4.csproj", "{ECF19B8D-BE9A-4159-8B94-DEFC25A59507}"
EndProject
Project("{FAE04EC0-301F-11D3-BF4B-00C04F79EFBC}") = "JzDisplayLT", "JzDisplayLT\JzDisplayLT.csproj", "{8AA39FB3-6B90-4FAA-8183-85A1ACFC10B1}"
EndProject
Global
	GlobalSection(SolutionConfigurationPlatforms) = preSolution
		Debug|Any CPU = Debug|Any CPU
		Debug|x64 = Debug|x64
		Debug|x86 = Debug|x86
		Release|Any CPU = Release|Any CPU
		Release|x64 = Release|x64
		Release|x86 = Release|x86
	EndGlobalSection
	GlobalSection(ProjectConfigurationPlatforms) = postSolution
		{067CAC24-7957-41C7-AF6E-1742C8667390}.Debug|Any CPU.ActiveCfg = Debug|Any CPU
		{067CAC24-7957-41C7-AF6E-1742C8667390}.Debug|Any CPU.Build.0 = Debug|Any CPU
		{067CAC24-7957-41C7-AF6E-1742C8667390}.Debug|x64.ActiveCfg = Debug|x64
		{067CAC24-7957-41C7-AF6E-1742C8667390}.Debug|x64.Build.0 = Debug|x64
		{067CAC24-7957-41C7-AF6E-1742C8667390}.Debug|x86.ActiveCfg = Debug|x86
		{067CAC24-7957-41C7-AF6E-1742C8667390}.Debug|x86.Build.0 = Debug|x86
		{067CAC24-7957-41C7-AF6E-1742C8667390}.Release|Any CPU.ActiveCfg = Release|Any CPU
		{067CAC24-7957-41C7-AF6E-1742C8667390}.Release|Any CPU.Build.0 = Release|Any CPU
		{067CAC24-7957-41C7-AF6E-1742C8667390}.Release|x64.ActiveCfg = Release|x64
		{067CAC24-7957-41C7-AF6E-1742C8667390}.Release|x64.Build.0 = Release|x64
		{067CAC24-7957-41C7-AF6E-1742C8667390}.Release|x86.ActiveCfg = Release|x86
		{067CAC24-7957-41C7-AF6E-1742C8667390}.Release|x86.Build.0 = Release|x86
		{F7A257D9-91EE-4DC2-8569-01B69CFD28D3}.Debug|Any CPU.ActiveCfg = Debug|Any CPU
		{F7A257D9-91EE-4DC2-8569-01B69CFD28D3}.Debug|Any CPU.Build.0 = Debug|Any CPU
		{F7A257D9-91EE-4DC2-8569-01B69CFD28D3}.Debug|x64.ActiveCfg = Debug|x64
		{F7A257D9-91EE-4DC2-8569-01B69CFD28D3}.Debug|x64.Build.0 = Debug|x64
		{F7A257D9-91EE-4DC2-8569-01B69CFD28D3}.Debug|x86.ActiveCfg = Debug|x86
		{F7A257D9-91EE-4DC2-8569-01B69CFD28D3}.Debug|x86.Build.0 = Debug|x86
		{F7A257D9-91EE-4DC2-8569-01B69CFD28D3}.Release|Any CPU.ActiveCfg = Release|Any CPU
		{F7A257D9-91EE-4DC2-8569-01B69CFD28D3}.Release|Any CPU.Build.0 = Release|Any CPU
		{F7A257D9-91EE-4DC2-8569-01B69CFD28D3}.Release|x64.ActiveCfg = Release|x64
		{F7A257D9-91EE-4DC2-8569-01B69CFD28D3}.Release|x64.Build.0 = Release|x64
		{F7A257D9-91EE-4DC2-8569-01B69CFD28D3}.Release|x86.ActiveCfg = Release|x86
		{F7A257D9-91EE-4DC2-8569-01B69CFD28D3}.Release|x86.Build.0 = Release|x86
		{CFB82D4A-7F2E-40F6-AB40-34C043FBA2C9}.Debug|Any CPU.ActiveCfg = Debug|Any CPU
		{CFB82D4A-7F2E-40F6-AB40-34C043FBA2C9}.Debug|Any CPU.Build.0 = Debug|Any CPU
		{CFB82D4A-7F2E-40F6-AB40-34C043FBA2C9}.Debug|x64.ActiveCfg = Debug|x64
		{CFB82D4A-7F2E-40F6-AB40-34C043FBA2C9}.Debug|x64.Build.0 = Debug|x64
		{CFB82D4A-7F2E-40F6-AB40-34C043FBA2C9}.Debug|x86.ActiveCfg = Debug|x86
		{CFB82D4A-7F2E-40F6-AB40-34C043FBA2C9}.Debug|x86.Build.0 = Debug|x86
		{CFB82D4A-7F2E-40F6-AB40-34C043FBA2C9}.Release|Any CPU.ActiveCfg = Release|Any CPU
		{CFB82D4A-7F2E-40F6-AB40-34C043FBA2C9}.Release|Any CPU.Build.0 = Release|Any CPU
		{CFB82D4A-7F2E-40F6-AB40-34C043FBA2C9}.Release|x64.ActiveCfg = Release|x64
		{CFB82D4A-7F2E-40F6-AB40-34C043FBA2C9}.Release|x64.Build.0 = Release|x64
		{CFB82D4A-7F2E-40F6-AB40-34C043FBA2C9}.Release|x86.ActiveCfg = Release|x86
		{CFB82D4A-7F2E-40F6-AB40-34C043FBA2C9}.Release|x86.Build.0 = Release|x86
		{64FC6AD5-0655-455C-A003-1BEA1B3702AE}.Debug|Any CPU.ActiveCfg = Debug|Any CPU
		{64FC6AD5-0655-455C-A003-1BEA1B3702AE}.Debug|Any CPU.Build.0 = Debug|Any CPU
		{64FC6AD5-0655-455C-A003-1BEA1B3702AE}.Debug|x64.ActiveCfg = Debug|x64
		{64FC6AD5-0655-455C-A003-1BEA1B3702AE}.Debug|x64.Build.0 = Debug|x64
		{64FC6AD5-0655-455C-A003-1BEA1B3702AE}.Debug|x86.ActiveCfg = Debug|Any CPU
		{64FC6AD5-0655-455C-A003-1BEA1B3702AE}.Debug|x86.Build.0 = Debug|Any CPU
		{64FC6AD5-0655-455C-A003-1BEA1B3702AE}.Release|Any CPU.ActiveCfg = Release|Any CPU
		{64FC6AD5-0655-455C-A003-1BEA1B3702AE}.Release|Any CPU.Build.0 = Release|Any CPU
		{64FC6AD5-0655-455C-A003-1BEA1B3702AE}.Release|x64.ActiveCfg = Release|Any CPU
		{64FC6AD5-0655-455C-A003-1BEA1B3702AE}.Release|x64.Build.0 = Release|Any CPU
		{64FC6AD5-0655-455C-A003-1BEA1B3702AE}.Release|x86.ActiveCfg = Release|Any CPU
		{64FC6AD5-0655-455C-A003-1BEA1B3702AE}.Release|x86.Build.0 = Release|Any CPU
		{626D6342-D64E-425C-8372-0EC5DA157479}.Debug|Any CPU.ActiveCfg = Debug|Any CPU
		{626D6342-D64E-425C-8372-0EC5DA157479}.Debug|Any CPU.Build.0 = Debug|Any CPU
		{626D6342-D64E-425C-8372-0EC5DA157479}.Debug|x64.ActiveCfg = Debug|x64
		{626D6342-D64E-425C-8372-0EC5DA157479}.Debug|x64.Build.0 = Debug|x64
		{626D6342-D64E-425C-8372-0EC5DA157479}.Debug|x86.ActiveCfg = Debug|Any CPU
		{626D6342-D64E-425C-8372-0EC5DA157479}.Debug|x86.Build.0 = Debug|Any CPU
		{626D6342-D64E-425C-8372-0EC5DA157479}.Release|Any CPU.ActiveCfg = Release|Any CPU
		{626D6342-D64E-425C-8372-0EC5DA157479}.Release|Any CPU.Build.0 = Release|Any CPU
		{626D6342-D64E-425C-8372-0EC5DA157479}.Release|x64.ActiveCfg = Release|Any CPU
		{626D6342-D64E-425C-8372-0EC5DA157479}.Release|x64.Build.0 = Release|Any CPU
		{626D6342-D64E-425C-8372-0EC5DA157479}.Release|x86.ActiveCfg = Release|Any CPU
		{626D6342-D64E-425C-8372-0EC5DA157479}.Release|x86.Build.0 = Release|Any CPU
		{3E35849D-0307-48CA-9711-A07427B8FF89}.Debug|Any CPU.ActiveCfg = Debug|Any CPU
		{3E35849D-0307-48CA-9711-A07427B8FF89}.Debug|Any CPU.Build.0 = Debug|Any CPU
		{3E35849D-0307-48CA-9711-A07427B8FF89}.Debug|x64.ActiveCfg = Debug|x64
		{3E35849D-0307-48CA-9711-A07427B8FF89}.Debug|x64.Build.0 = Debug|x64
		{3E35849D-0307-48CA-9711-A07427B8FF89}.Debug|x86.ActiveCfg = Debug|Any CPU
		{3E35849D-0307-48CA-9711-A07427B8FF89}.Debug|x86.Build.0 = Debug|Any CPU
		{3E35849D-0307-48CA-9711-A07427B8FF89}.Release|Any CPU.ActiveCfg = Release|Any CPU
		{3E35849D-0307-48CA-9711-A07427B8FF89}.Release|Any CPU.Build.0 = Release|Any CPU
		{3E35849D-0307-48CA-9711-A07427B8FF89}.Release|x64.ActiveCfg = Release|Any CPU
		{3E35849D-0307-48CA-9711-A07427B8FF89}.Release|x64.Build.0 = Release|Any CPU
		{3E35849D-0307-48CA-9711-A07427B8FF89}.Release|x86.ActiveCfg = Release|Any CPU
		{3E35849D-0307-48CA-9711-A07427B8FF89}.Release|x86.Build.0 = Release|Any CPU
		{CC12C326-CF74-43A1-AF91-9AB5FBE845E5}.Debug|Any CPU.ActiveCfg = Debug|Any CPU
		{CC12C326-CF74-43A1-AF91-9AB5FBE845E5}.Debug|Any CPU.Build.0 = Debug|Any CPU
		{CC12C326-CF74-43A1-AF91-9AB5FBE845E5}.Debug|x64.ActiveCfg = Debug|Any CPU
		{CC12C326-CF74-43A1-AF91-9AB5FBE845E5}.Debug|x64.Build.0 = Debug|Any CPU
		{CC12C326-CF74-43A1-AF91-9AB5FBE845E5}.Debug|x86.ActiveCfg = Debug|Any CPU
		{CC12C326-CF74-43A1-AF91-9AB5FBE845E5}.Debug|x86.Build.0 = Debug|Any CPU
		{CC12C326-CF74-43A1-AF91-9AB5FBE845E5}.Release|Any CPU.ActiveCfg = Release|Any CPU
		{CC12C326-CF74-43A1-AF91-9AB5FBE845E5}.Release|Any CPU.Build.0 = Release|Any CPU
		{CC12C326-CF74-43A1-AF91-9AB5FBE845E5}.Release|x64.ActiveCfg = Release|Any CPU
		{CC12C326-CF74-43A1-AF91-9AB5FBE845E5}.Release|x64.Build.0 = Release|Any CPU
		{CC12C326-CF74-43A1-AF91-9AB5FBE845E5}.Release|x86.ActiveCfg = Release|Any CPU
		{CC12C326-CF74-43A1-AF91-9AB5FBE845E5}.Release|x86.Build.0 = Release|Any CPU
		{37DCE54A-EF0C-4D32-97E3-DDABE0DA48F0}.Debug|Any CPU.ActiveCfg = Debug|Any CPU
		{37DCE54A-EF0C-4D32-97E3-DDABE0DA48F0}.Debug|Any CPU.Build.0 = Debug|Any CPU
		{37DCE54A-EF0C-4D32-97E3-DDABE0DA48F0}.Debug|x64.ActiveCfg = Debug|Any CPU
		{37DCE54A-EF0C-4D32-97E3-DDABE0DA48F0}.Debug|x64.Build.0 = Debug|Any CPU
		{37DCE54A-EF0C-4D32-97E3-DDABE0DA48F0}.Debug|x86.ActiveCfg = Debug|Any CPU
		{37DCE54A-EF0C-4D32-97E3-DDABE0DA48F0}.Debug|x86.Build.0 = Debug|Any CPU
		{37DCE54A-EF0C-4D32-97E3-DDABE0DA48F0}.Release|Any CPU.ActiveCfg = Release|Any CPU
		{37DCE54A-EF0C-4D32-97E3-DDABE0DA48F0}.Release|Any CPU.Build.0 = Release|Any CPU
		{37DCE54A-EF0C-4D32-97E3-DDABE0DA48F0}.Release|x64.ActiveCfg = Release|Any CPU
		{37DCE54A-EF0C-4D32-97E3-DDABE0DA48F0}.Release|x64.Build.0 = Release|Any CPU
		{37DCE54A-EF0C-4D32-97E3-DDABE0DA48F0}.Release|x86.ActiveCfg = Release|Any CPU
		{37DCE54A-EF0C-4D32-97E3-DDABE0DA48F0}.Release|x86.Build.0 = Release|Any CPU
		{521E8AF0-DA90-4596-99E9-AFC542A76796}.Debug|Any CPU.ActiveCfg = Debug|Any CPU
		{521E8AF0-DA90-4596-99E9-AFC542A76796}.Debug|Any CPU.Build.0 = Debug|Any CPU
		{521E8AF0-DA90-4596-99E9-AFC542A76796}.Debug|x64.ActiveCfg = Debug|Any CPU
		{521E8AF0-DA90-4596-99E9-AFC542A76796}.Debug|x64.Build.0 = Debug|Any CPU
		{521E8AF0-DA90-4596-99E9-AFC542A76796}.Debug|x86.ActiveCfg = Debug|Any CPU
		{521E8AF0-DA90-4596-99E9-AFC542A76796}.Debug|x86.Build.0 = Debug|Any CPU
		{521E8AF0-DA90-4596-99E9-AFC542A76796}.Release|Any CPU.ActiveCfg = Release|Any CPU
		{521E8AF0-DA90-4596-99E9-AFC542A76796}.Release|Any CPU.Build.0 = Release|Any CPU
		{521E8AF0-DA90-4596-99E9-AFC542A76796}.Release|x64.ActiveCfg = Release|Any CPU
		{521E8AF0-DA90-4596-99E9-AFC542A76796}.Release|x64.Build.0 = Release|Any CPU
		{521E8AF0-DA90-4596-99E9-AFC542A76796}.Release|x86.ActiveCfg = Release|Any CPU
		{521E8AF0-DA90-4596-99E9-AFC542A76796}.Release|x86.Build.0 = Release|Any CPU
		{6E955BFA-8BB1-40F5-9601-387652A3D339}.Debug|Any CPU.ActiveCfg = Debug|Any CPU
		{6E955BFA-8BB1-40F5-9601-387652A3D339}.Debug|Any CPU.Build.0 = Debug|Any CPU
		{6E955BFA-8BB1-40F5-9601-387652A3D339}.Debug|x64.ActiveCfg = Debug|Any CPU
		{6E955BFA-8BB1-40F5-9601-387652A3D339}.Debug|x64.Build.0 = Debug|Any CPU
		{6E955BFA-8BB1-40F5-9601-387652A3D339}.Debug|x86.ActiveCfg = Debug|Any CPU
		{6E955BFA-8BB1-40F5-9601-387652A3D339}.Debug|x86.Build.0 = Debug|Any CPU
		{6E955BFA-8BB1-40F5-9601-387652A3D339}.Release|Any CPU.ActiveCfg = Release|Any CPU
		{6E955BFA-8BB1-40F5-9601-387652A3D339}.Release|Any CPU.Build.0 = Release|Any CPU
		{6E955BFA-8BB1-40F5-9601-387652A3D339}.Release|x64.ActiveCfg = Release|Any CPU
		{6E955BFA-8BB1-40F5-9601-387652A3D339}.Release|x64.Build.0 = Release|Any CPU
		{6E955BFA-8BB1-40F5-9601-387652A3D339}.Release|x86.ActiveCfg = Release|Any CPU
		{6E955BFA-8BB1-40F5-9601-387652A3D339}.Release|x86.Build.0 = Release|Any CPU
		{ECF19B8D-BE9A-4159-8B94-DEFC25A59507}.Debug|Any CPU.ActiveCfg = Debug|Any CPU
		{ECF19B8D-BE9A-4159-8B94-DEFC25A59507}.Debug|Any CPU.Build.0 = Debug|Any CPU
		{ECF19B8D-BE9A-4159-8B94-DEFC25A59507}.Debug|x64.ActiveCfg = Debug|Any CPU
		{ECF19B8D-BE9A-4159-8B94-DEFC25A59507}.Debug|x64.Build.0 = Debug|Any CPU
		{ECF19B8D-BE9A-4159-8B94-DEFC25A59507}.Debug|x86.ActiveCfg = Debug|Any CPU
		{ECF19B8D-BE9A-4159-8B94-DEFC25A59507}.Debug|x86.Build.0 = Debug|Any CPU
		{ECF19B8D-BE9A-4159-8B94-DEFC25A59507}.Release|Any CPU.ActiveCfg = Release|Any CPU
		{ECF19B8D-BE9A-4159-8B94-DEFC25A59507}.Release|Any CPU.Build.0 = Release|Any CPU
		{ECF19B8D-BE9A-4159-8B94-DEFC25A59507}.Release|x64.ActiveCfg = Release|Any CPU
		{ECF19B8D-BE9A-4159-8B94-DEFC25A59507}.Release|x64.Build.0 = Release|Any CPU
		{ECF19B8D-BE9A-4159-8B94-DEFC25A59507}.Release|x86.ActiveCfg = Release|Any CPU
		{ECF19B8D-BE9A-4159-8B94-DEFC25A59507}.Release|x86.Build.0 = Release|Any CPU
		{8AA39FB3-6B90-4FAA-8183-85A1ACFC10B1}.Debug|Any CPU.ActiveCfg = Debug|Any CPU
		{8AA39FB3-6B90-4FAA-8183-85A1ACFC10B1}.Debug|Any CPU.Build.0 = Debug|Any CPU
		{8AA39FB3-6B90-4FAA-8183-85A1ACFC10B1}.Debug|x64.ActiveCfg = Debug|x64
		{8AA39FB3-6B90-4FAA-8183-85A1ACFC10B1}.Debug|x64.Build.0 = Debug|x64
		{8AA39FB3-6B90-4FAA-8183-85A1ACFC10B1}.Debug|x86.ActiveCfg = Debug|x86
		{8AA39FB3-6B90-4FAA-8183-85A1ACFC10B1}.Debug|x86.Build.0 = Debug|x86
		{8AA39FB3-6B90-4FAA-8183-85A1ACFC10B1}.Release|Any CPU.ActiveCfg = Release|Any CPU
		{8AA39FB3-6B90-4FAA-8183-85A1ACFC10B1}.Release|Any CPU.Build.0 = Release|Any CPU
		{8AA39FB3-6B90-4FAA-8183-85A1ACFC10B1}.Release|x64.ActiveCfg = Release|x64
		{8AA39FB3-6B90-4FAA-8183-85A1ACFC10B1}.Release|x64.Build.0 = Release|x64
		{8AA39FB3-6B90-4FAA-8183-85A1ACFC10B1}.Release|x86.ActiveCfg = Release|x86
		{8AA39FB3-6B90-4FAA-8183-85A1ACFC10B1}.Release|x86.Build.0 = Release|x86
	EndGlobalSection
	GlobalSection(SolutionProperties) = preSolution
		HideSolutionNode = FALSE
	EndGlobalSection
	GlobalSection(NestedProjects) = preSolution
		{F7A257D9-91EE-4DC2-8569-01B69CFD28D3} = {50577891-4DAD-4650-8FE7-1E0B1990D5AB}
		{CFB82D4A-7F2E-40F6-AB40-34C043FBA2C9} = {50577891-4DAD-4650-8FE7-1E0B1990D5AB}
		{64FC6AD5-0655-455C-A003-1BEA1B3702AE} = {50577891-4DAD-4650-8FE7-1E0B1990D5AB}
		{626D6342-D64E-425C-8372-0EC5DA157479} = {50577891-4DAD-4650-8FE7-1E0B1990D5AB}
		{3E35849D-0307-48CA-9711-A07427B8FF89} = {50577891-4DAD-4650-8FE7-1E0B1990D5AB}
		{CC12C326-CF74-43A1-AF91-9AB5FBE845E5} = {50577891-4DAD-4650-8FE7-1E0B1990D5AB}
		{37DCE54A-EF0C-4D32-97E3-DDABE0DA48F0} = {50577891-4DAD-4650-8FE7-1E0B1990D5AB}
		{521E8AF0-DA90-4596-99E9-AFC542A76796} = {50577891-4DAD-4650-8FE7-1E0B1990D5AB}
		{6E955BFA-8BB1-40F5-9601-387652A3D339} = {50577891-4DAD-4650-8FE7-1E0B1990D5AB}
		{ECF19B8D-BE9A-4159-8B94-DEFC25A59507} = {50577891-4DAD-4650-8FE7-1E0B1990D5AB}
		{8AA39FB3-6B90-4FAA-8183-85A1ACFC10B1} = {50577891-4DAD-4650-8FE7-1E0B1990D5AB}
	EndGlobalSection
	GlobalSection(ExtensibilityGlobals) = postSolution
		SolutionGuid = {3BBE0379-A127-40C3-84A6-1305DE6E356C}
	EndGlobalSection
EndGlobal
